
Microsoft Visual Studio Solution File, Format Version 12.00
# Visual Studio 15
VisualStudioVersion = 15.0.27004.2009
MinimumVisualStudioVersion = 10.0.40219.1
Project("{FAE04EC0-301F-11D3-BF4B-00C04F79EFBC}") = "Generics", "Generics\Generics.csproj", "{FA3810E6-9755-45F8-9E4D-66BAC8900727}"
EndProject
Global
	GlobalSection(SolutionConfigurationPlatforms) = preSolution
		Debug|Any CPU = Debug|Any CPU
		Release|Any CPU = Release|Any CPU
	EndGlobalSection
	GlobalSection(ProjectConfigurationPlatforms) = postSolution
		{FA3810E6-9755-45F8-9E4D-66BAC8900727}.Debug|Any CPU.ActiveCfg = Debug|Any CPU
		{FA3810E6-9755-45F8-9E4D-66BAC8900727}.Debug|Any CPU.Build.0 = Debug|Any CPU
		{FA3810E6-9755-45F8-9E4D-66BAC8900727}.Release|Any CPU.ActiveCfg = Release|Any CPU
		{FA3810E6-9755-45F8-9E4D-66BAC8900727}.Release|Any CPU.Build.0 = Release|Any CPU
	EndGlobalSection
	GlobalSection(SolutionProperties) = preSolution
		HideSolutionNode = FALSE
	EndGlobalSection
	GlobalSection(ExtensibilityGlobals) = postSolution
		SolutionGuid = {B77105A7-F8FE-4EE2-B217-BA34C03A8511}
	EndGlobalSection
EndGlobal
